PODS:
  - Cheers (2.1.0)
  - Google-Mobile-Ads-SDK (7.31.0)
  - lottie-ios (2.5.0)
  - RandomKit (5.2.3):
    - ShiftOperations (~> 1.0.2)
    - Threadly (~> 1.0)
  - Realm (3.7.5):
    - Realm/Headers (= 3.7.5)
  - Realm/Headers (3.7.5)
  - RealmSwift (3.7.5):
    - Realm (= 3.7.5)
  - ShiftOperations (1.0.2)
  - Spring (1.0.5)
  - SwiftRater (1.1.2)
  - Threadly (1.2.0)

DEPENDENCIES:
  - Cheers
  - Google-Mobile-Ads-SDK
  - lottie-ios
  - RandomKit
  - RealmSwift
  - Spring (from `https://github.com/MengTo/Spring.git`)
  - SwiftRater

SPEC REPOS:
  https://github.com/cocoapods/specs.git:
    - Cheers
    - Google-Mobile-Ads-SDK
    - lottie-ios
    - RandomKit
    - Realm
    - RealmSwift
    - ShiftOperations
    - SwiftRater
    - Threadly

EXTERNAL SOURCES:
  Spring:
    :git: https://github.com/MengTo/Spring.git

CHECKOUT OPTIONS:
  Spring:
    :commit: c540239f3590bbaf4a35c3959c329dd5ed4e3eee
    :git: https://github.com/MengTo/Spring.git

SPEC CHECKSUMS:
  Cheers: 02d6335ac9ceb1ebf678df78d378bc71242a015e
  Google-Mobile-Ads-SDK: 6e529e748b45507a2ca904e0b5a52669ba3920c4
  lottie-ios: d699fdee68d7b63e721d949388b015fef1aaa4ac
  RandomKit: 380745911c4f7989707489b2ce297194bfcf5031
  Realm: c286caf4dbf346ce24aad49ca76c7ce622d4a082
  RealmSwift: 2a9281e37d6de55f66f76254d49d28aeb1b729e4
  ShiftOperations: 702c9aa98d3b20d98dceb71dd8437b562f7ab3ad
  Spring: 3c7666eccefdeb87140008dc81043f89f8dbb787
  SwiftRater: 394b9e3b75770fa10eaeb0469fd9c5dc655d595b
  Threadly: b772ed7c1ff4a3f03eb4600bbc5ef83b3be5cb29

PODFILE CHECKSUM: 1a44af3f49f25d6f725e348651dc0780e28b11b9

COCOAPODS: 1.5.3
